
Microsoft Visual Studio Solution File, Format Version 12.00
# Visual Studio Version 16
VisualStudioVersion = 16.0.29519.161
MinimumVisualStudioVersion = 10.0.40219.1
Project("{2150E333-8FDC-42A3-9474-1A3956D46DE8}") = "source-libraries", "source-libraries", "{D4D612F2-1945-4DA5-AB18-360BD80A27A2}"
EndProject
Project("{FAE04EC0-301F-11D3-BF4B-00C04F79EFBC}") = "ProjectsStructureTemplate.BusinessDomainLogic.Library.NetStandard", "BusinessDomainLogic\ProjectsStructureTemplate.BusinessDomainLogic.Library.NetStandard\ProjectsStructureTemplate.BusinessDomainLogic.Library.NetStandard.csproj", "{022FFE87-C586-4866-97FC-59AD11F38F14}"
EndProject
Project("{FAE04EC0-301F-11D3-BF4B-00C04F79EFBC}") = "ProjectsStructureTemplate.BusinessDomainLogic.Library.MAUI", "BusinessDomainLogic\ProjectsStructureTemplate.BusinessDomainLogic.Library.MAUI\ProjectsStructureTemplate.BusinessDomainLogic.Library.MAUI.csproj", "{F95C64E3-5B9C-49AF-BDBE-1CEBAC75F5D3}"
EndProject
Project("{D954291E-2A0B-460D-934E-DC6B0785DB48}") = "ProjectsStructureTemplate.BusinessDomainLogic.Shared", "BusinessDomainLogic\ProjectsStructureTemplate.BusinessDomainLogic.Shared\ProjectsStructureTemplate.BusinessDomainLogic.Shared.shproj", "{FED5275D-B937-4065-9A08-C17B2D704A14}"
EndProject
Project("{2150E333-8FDC-42A3-9474-1A3956D46DE8}") = "BusinessDomainLogic", "BusinessDomainLogic", "{8A5B9330-1E8E-4DE8-AAE8-1810A7563D76}"
EndProject
Global
	GlobalSection(SolutionConfigurationPlatforms) = preSolution
		Debug|Any CPU = Debug|Any CPU
		Release|Any CPU = Release|Any CPU
	EndGlobalSection
	GlobalSection(ProjectConfigurationPlatforms) = postSolution
		{022FFE87-C586-4866-97FC-59AD11F38F14}.Debug|Any CPU.ActiveCfg = Debug|Any CPU
		{022FFE87-C586-4866-97FC-59AD11F38F14}.Debug|Any CPU.Build.0 = Debug|Any CPU
		{022FFE87-C586-4866-97FC-59AD11F38F14}.Release|Any CPU.ActiveCfg = Release|Any CPU
		{022FFE87-C586-4866-97FC-59AD11F38F14}.Release|Any CPU.Build.0 = Release|Any CPU
		{F95C64E3-5B9C-49AF-BDBE-1CEBAC75F5D3}.Debug|Any CPU.ActiveCfg = Debug|Any CPU
		{F95C64E3-5B9C-49AF-BDBE-1CEBAC75F5D3}.Debug|Any CPU.Build.0 = Debug|Any CPU
		{F95C64E3-5B9C-49AF-BDBE-1CEBAC75F5D3}.Release|Any CPU.ActiveCfg = Release|Any CPU
		{F95C64E3-5B9C-49AF-BDBE-1CEBAC75F5D3}.Release|Any CPU.Build.0 = Release|Any CPU
	EndGlobalSection
	GlobalSection(NestedProjects) = preSolution
		{022FFE87-C586-4866-97FC-59AD11F38F14} = {8A5B9330-1E8E-4DE8-AAE8-1810A7563D76}
		{F95C64E3-5B9C-49AF-BDBE-1CEBAC75F5D3} = {8A5B9330-1E8E-4DE8-AAE8-1810A7563D76}
		{FED5275D-B937-4065-9A08-C17B2D704A14} = {8A5B9330-1E8E-4DE8-AAE8-1810A7563D76}
		{8A5B9330-1E8E-4DE8-AAE8-1810A7563D76} = {D4D612F2-1945-4DA5-AB18-360BD80A27A2}
	EndGlobalSection
EndGlobal
