
Microsoft Visual Studio Solution File, Format Version 12.00
# Visual Studio Version 16
VisualStudioVersion = 16.0.29519.161
MinimumVisualStudioVersion = 10.0.40219.1
Project("{2150E333-8FDC-42A3-9474-1A3956D46DE8}") = "source-libraries", "source-libraries", "{D4D612F2-1945-4DA5-AB18-360BD80A27A2}"
EndProject
Project("{FAE04EC0-301F-11D3-BF4B-00C04F79EFBC}") = "ProjectsStructureTemplate.BusinessDomainLogic.Library.NetStandard", "BusinessDomainLogic\ProjectsStructureTemplate.BusinessDomainLogic.Library.NetStandard\ProjectsStructureTemplate.BusinessDomainLogic.Library.NetStandard.csproj", "{022FFE87-C586-4866-97FC-59AD11F38F14}"
EndProject
Project("{D954291E-2A0B-460D-934E-DC6B0785DB48}") = "ProjectsStructureTemplate.UserInterface.Shared", "UserInterface\ProjectsStructureTemplate.UserInterface.Shared\ProjectsStructureTemplate.UserInterface.Shared.shproj", "{FED5275D-B937-4065-9A08-C17B2D704A14}"
EndProject
Project("{2150E333-8FDC-42A3-9474-1A3956D46DE8}") = "BusinessDomainLogic", "BusinessDomainLogic", "{8A5B9330-1E8E-4DE8-AAE8-1810A7563D76}"
EndProject
Project("{2150E333-8FDC-42A3-9474-1A3956D46DE8}") = "UserInterface", "UserInterface", "{7709C603-320A-43D8-9347-D30B830A59BB}"
EndProject
Project("{FAE04EC0-301F-11D3-BF4B-00C04F79EFBC}") = "ProjectsStructureTemplate.UserInterface.Library.NetStandard", "UserInterface\ProjectsStructureTemplate.UserInterface.Library.NetStandard\ProjectsStructureTemplate.UserInterface.Library.NetStandard.csproj", "{4A8D3A63-F974-41EE-8D9C-6404571BA0D2}"
EndProject
Project("{FAE04EC0-301F-11D3-BF4B-00C04F79EFBC}") = "ProjectsStructureTemplate.UserInterface.Library.NetStandard.MAUI", "UserInterface\ProjectsStructureTemplate.UserInterface.Library.NetStandard.MAUI\ProjectsStructureTemplate.UserInterface.Library.NetStandard.MAUI.csproj", "{C92F549A-99E3-4733-8803-3E915F434CF0}"
EndProject
Project("{2150E333-8FDC-42A3-9474-1A3956D46DE8}") = "net6.0", "net6.0", "{63606305-73D7-4E4F-98CB-343ABF41DA40}"
EndProject
Project("{FAE04EC0-301F-11D3-BF4B-00C04F79EFBC}") = "ProjectsStructureTemplate.UserInterface.Library.MAUI", "UserInterface\net6.0\ProjectsStructureTemplate.UserInterface.Library.MAUI\ProjectsStructureTemplate.UserInterface.Library.MAUI.csproj", "{7D178228-1151-4D81-BAC8-42FBCB20FEEF}"
EndProject
Project("{FAE04EC0-301F-11D3-BF4B-00C04F79EFBC}") = "ProjectsStructureTemplate.UserInterface.Library.Razor", "UserInterface\net6.0\ProjectsStructureTemplate.UserInterface.Library.Razor\ProjectsStructureTemplate.UserInterface.Library.Razor.csproj", "{AE0DBF4A-C209-4FA5-A35F-7AC21F3B3645}"
EndProject
Project("{2150E333-8FDC-42A3-9474-1A3956D46DE8}") = "net6.0", "net6.0", "{12577AC0-6366-4F56-92F4-E0A2CDAF550F}"
	ProjectSection(SolutionItems) = preProject
		BusinessDomainLogic\net6.0\global.json = BusinessDomainLogic\net6.0\global.json
	EndProjectSection
EndProject
Project("{FAE04EC0-301F-11D3-BF4B-00C04F79EFBC}") = "ProjectsStructureTemplate.BusinessDomainLogic.Library.MAUI", "BusinessDomainLogic\net6.0\ProjectsStructureTemplate.BusinessDomainLogic.Library.MAUI\ProjectsStructureTemplate.BusinessDomainLogic.Library.MAUI.csproj", "{6399A5B8-BA96-412F-9967-DF3DCF44C7F1}"
EndProject
Global
	GlobalSection(SolutionConfigurationPlatforms) = preSolution
		Debug|Any CPU = Debug|Any CPU
		Release|Any CPU = Release|Any CPU
	EndGlobalSection
	GlobalSection(ProjectConfigurationPlatforms) = postSolution
		{022FFE87-C586-4866-97FC-59AD11F38F14}.Debug|Any CPU.ActiveCfg = Debug|Any CPU
		{022FFE87-C586-4866-97FC-59AD11F38F14}.Debug|Any CPU.Build.0 = Debug|Any CPU
		{022FFE87-C586-4866-97FC-59AD11F38F14}.Release|Any CPU.ActiveCfg = Release|Any CPU
		{022FFE87-C586-4866-97FC-59AD11F38F14}.Release|Any CPU.Build.0 = Release|Any CPU
		{4A8D3A63-F974-41EE-8D9C-6404571BA0D2}.Debug|Any CPU.ActiveCfg = Debug|Any CPU
		{4A8D3A63-F974-41EE-8D9C-6404571BA0D2}.Debug|Any CPU.Build.0 = Debug|Any CPU
		{4A8D3A63-F974-41EE-8D9C-6404571BA0D2}.Release|Any CPU.ActiveCfg = Release|Any CPU
		{4A8D3A63-F974-41EE-8D9C-6404571BA0D2}.Release|Any CPU.Build.0 = Release|Any CPU
		{C92F549A-99E3-4733-8803-3E915F434CF0}.Debug|Any CPU.ActiveCfg = Debug|Any CPU
		{C92F549A-99E3-4733-8803-3E915F434CF0}.Debug|Any CPU.Build.0 = Debug|Any CPU
		{C92F549A-99E3-4733-8803-3E915F434CF0}.Release|Any CPU.ActiveCfg = Release|Any CPU
		{C92F549A-99E3-4733-8803-3E915F434CF0}.Release|Any CPU.Build.0 = Release|Any CPU
		{7D178228-1151-4D81-BAC8-42FBCB20FEEF}.Debug|Any CPU.ActiveCfg = Debug|Any CPU
		{7D178228-1151-4D81-BAC8-42FBCB20FEEF}.Debug|Any CPU.Build.0 = Debug|Any CPU
		{7D178228-1151-4D81-BAC8-42FBCB20FEEF}.Release|Any CPU.ActiveCfg = Release|Any CPU
		{7D178228-1151-4D81-BAC8-42FBCB20FEEF}.Release|Any CPU.Build.0 = Release|Any CPU
		{AE0DBF4A-C209-4FA5-A35F-7AC21F3B3645}.Debug|Any CPU.ActiveCfg = Debug|Any CPU
		{AE0DBF4A-C209-4FA5-A35F-7AC21F3B3645}.Debug|Any CPU.Build.0 = Debug|Any CPU
		{AE0DBF4A-C209-4FA5-A35F-7AC21F3B3645}.Release|Any CPU.ActiveCfg = Release|Any CPU
		{AE0DBF4A-C209-4FA5-A35F-7AC21F3B3645}.Release|Any CPU.Build.0 = Release|Any CPU
		{6399A5B8-BA96-412F-9967-DF3DCF44C7F1}.Debug|Any CPU.ActiveCfg = Debug|Any CPU
		{6399A5B8-BA96-412F-9967-DF3DCF44C7F1}.Debug|Any CPU.Build.0 = Debug|Any CPU
		{6399A5B8-BA96-412F-9967-DF3DCF44C7F1}.Release|Any CPU.ActiveCfg = Release|Any CPU
		{6399A5B8-BA96-412F-9967-DF3DCF44C7F1}.Release|Any CPU.Build.0 = Release|Any CPU
	EndGlobalSection
	GlobalSection(NestedProjects) = preSolution
		{022FFE87-C586-4866-97FC-59AD11F38F14} = {8A5B9330-1E8E-4DE8-AAE8-1810A7563D76}
		{FED5275D-B937-4065-9A08-C17B2D704A14} = {7709C603-320A-43D8-9347-D30B830A59BB}
		{8A5B9330-1E8E-4DE8-AAE8-1810A7563D76} = {D4D612F2-1945-4DA5-AB18-360BD80A27A2}
		{7709C603-320A-43D8-9347-D30B830A59BB} = {D4D612F2-1945-4DA5-AB18-360BD80A27A2}
		{4A8D3A63-F974-41EE-8D9C-6404571BA0D2} = {7709C603-320A-43D8-9347-D30B830A59BB}
		{C92F549A-99E3-4733-8803-3E915F434CF0} = {7709C603-320A-43D8-9347-D30B830A59BB}
		{63606305-73D7-4E4F-98CB-343ABF41DA40} = {7709C603-320A-43D8-9347-D30B830A59BB}
		{7D178228-1151-4D81-BAC8-42FBCB20FEEF} = {63606305-73D7-4E4F-98CB-343ABF41DA40}
		{AE0DBF4A-C209-4FA5-A35F-7AC21F3B3645} = {63606305-73D7-4E4F-98CB-343ABF41DA40}
		{12577AC0-6366-4F56-92F4-E0A2CDAF550F} = {8A5B9330-1E8E-4DE8-AAE8-1810A7563D76}
		{6399A5B8-BA96-412F-9967-DF3DCF44C7F1} = {12577AC0-6366-4F56-92F4-E0A2CDAF550F}
	EndGlobalSection
EndGlobal
