
Microsoft Visual Studio Solution File, Format Version 12.00
# Visual Studio Version 17
VisualStudioVersion = 17.0.31611.283
MinimumVisualStudioVersion = 10.0.40219.1
Project("{2150E333-8FDC-42A3-9474-1A3956D46DE8}") = "microservices", "microservices", "{AEF8A28A-AAD8-4E13-BFB7-09557C8714B1}"
EndProject
Project("{FAE04EC0-301F-11D3-BF4B-00C04F79EFBC}") = "ProjectsStructureTemplate.Servers.MicroService.REST.WebAPI", "ProjectsStructureTemplate.Servers.MicroService.REST.WebAPI\ProjectsStructureTemplate.Servers.MicroService.REST.WebAPI.csproj", "{A5DAE055-6609-4B94-B53C-9FF8FFC84705}"
EndProject
Project("{FAE04EC0-301F-11D3-BF4B-00C04F79EFBC}") = "ProjectsStructureTemplate.Servers.MicroService.gRPC", "ProjectsStructureTemplate.Servers.MicroService.gRPC\ProjectsStructureTemplate.Servers.MicroService.gRPC.csproj", "{7B9DF8CC-79B0-44A2-A7FB-48039F65A4BF}"
EndProject
Project("{2150E333-8FDC-42A3-9474-1A3956D46DE8}") = "monolyth", "monolyth", "{14E8FB6C-685B-459E-A380-6D9B4E9D873F}"
EndProject
Project("{FAE04EC0-301F-11D3-BF4B-00C04F79EFBC}") = "ProjectsStructureTemplate.Servers.MicroService.SignalR.SelfHosted", "ProjectsStructureTemplate.Servers.MicroService.SignalR.SelfHosted\ProjectsStructureTemplate.Servers.MicroService.SignalR.SelfHosted.csproj", "{C8A1855E-1D5F-48CF-B85A-5AE857238C68}"
EndProject
Global
	GlobalSection(SolutionConfigurationPlatforms) = preSolution
		Debug|Any CPU = Debug|Any CPU
		Release|Any CPU = Release|Any CPU
	EndGlobalSection
	GlobalSection(ProjectConfigurationPlatforms) = postSolution
		{A5DAE055-6609-4B94-B53C-9FF8FFC84705}.Debug|Any CPU.ActiveCfg = Debug|Any CPU
		{A5DAE055-6609-4B94-B53C-9FF8FFC84705}.Debug|Any CPU.Build.0 = Debug|Any CPU
		{A5DAE055-6609-4B94-B53C-9FF8FFC84705}.Release|Any CPU.ActiveCfg = Release|Any CPU
		{A5DAE055-6609-4B94-B53C-9FF8FFC84705}.Release|Any CPU.Build.0 = Release|Any CPU
		{7B9DF8CC-79B0-44A2-A7FB-48039F65A4BF}.Debug|Any CPU.ActiveCfg = Debug|Any CPU
		{7B9DF8CC-79B0-44A2-A7FB-48039F65A4BF}.Debug|Any CPU.Build.0 = Debug|Any CPU
		{7B9DF8CC-79B0-44A2-A7FB-48039F65A4BF}.Release|Any CPU.ActiveCfg = Release|Any CPU
		{7B9DF8CC-79B0-44A2-A7FB-48039F65A4BF}.Release|Any CPU.Build.0 = Release|Any CPU
		{C8A1855E-1D5F-48CF-B85A-5AE857238C68}.Debug|Any CPU.ActiveCfg = Debug|Any CPU
		{C8A1855E-1D5F-48CF-B85A-5AE857238C68}.Debug|Any CPU.Build.0 = Debug|Any CPU
		{C8A1855E-1D5F-48CF-B85A-5AE857238C68}.Release|Any CPU.ActiveCfg = Release|Any CPU
		{C8A1855E-1D5F-48CF-B85A-5AE857238C68}.Release|Any CPU.Build.0 = Release|Any CPU
	EndGlobalSection
	GlobalSection(NestedProjects) = preSolution
		{A5DAE055-6609-4B94-B53C-9FF8FFC84705} = {AEF8A28A-AAD8-4E13-BFB7-09557C8714B1}
		{7B9DF8CC-79B0-44A2-A7FB-48039F65A4BF} = {AEF8A28A-AAD8-4E13-BFB7-09557C8714B1}
		{C8A1855E-1D5F-48CF-B85A-5AE857238C68} = {AEF8A28A-AAD8-4E13-BFB7-09557C8714B1}
	EndGlobalSection
EndGlobal
